// !$*UTF8*$!
{
	archiveVersion = 1;
	classes = {
	};
	objectVersion = 46;
	objects = {

/* Begin PBXBuildFile section */
		8FADC7EC1C2A70E600875DA7 /* main.m in Sources */ = {isa = PBXBuildFile; fileRef = 8FADC7EB1C2A70E600875DA7 /* main.m */; };
		8FADC7EF1C2A70E600875DA7 /* AppDelegate.m in Sources */ = {isa = PBXBuildFile; fileRef = 8FADC7EE1C2A70E600875DA7 /* AppDelegate.m */; };
		8FADC7F21C2A70E600875DA7 /* ViewController.m in Sources */ = {isa = PBXBuildFile; fileRef = 8FADC7F11C2A70E600875DA7 /* ViewController.m */; };
		8FADC7F51C2A70E600875DA7 /* Main.storyboard in Resources */ = {isa = PBXBuildFile; fileRef = 8FADC7F31C2A70E600875DA7 /* Main.storyboard */; };
		8FADC7F71C2A70E600875DA7 /* Assets.xcassets in Resources */ = {isa = PBXBuildFile; fileRef = 8FADC7F61C2A70E600875DA7 /* Assets.xcassets */; };
		8FADC7FA1C2A70E600875DA7 /* LaunchScreen.storyboard in Resources */ = {isa = PBXBuildFile; fileRef = 8FADC7F81C2A70E600875DA7 /* LaunchScreen.storyboard */; };
		8FADC8051C2A70E600875DA7 /* AlipayDemoTests.m in Sources */ = {isa = PBXBuildFile; fileRef = 8FADC8041C2A70E600875DA7 /* AlipayDemoTests.m */; };
		8FADC8101C2A70E600875DA7 /* AlipayDemoUITests.m in Sources */ = {isa = PBXBuildFile; fileRef = 8FADC80F1C2A70E600875DA7 /* AlipayDemoUITests.m */; };
/* End PBXBuildFile section */

/* Begin PBXContainerItemProxy section */
		8FADC8011C2A70E600875DA7 /* PBXContainerItemProxy */ = {
			isa = PBXContainerItemProxy;
			containerPortal = 8FADC7DF1C2A70E600875DA7 /* Project object */;
			proxyType = 1;
			remoteGlobalIDString = 8FADC7E61C2A70E600875DA7;
			remoteInfo = AlipayDemo;
		};
		8FADC80C1C2A70E600875DA7 /* PBXContainerItemProxy */ = {
			isa = PBXContainerItemProxy;
			containerPortal = 8FADC7DF1C2A70E600875DA7 /* Project object */;
			proxyType = 1;
			remoteGlobalIDString = 8FADC7E61C2A70E600875DA7;
			remoteInfo = AlipayDemo;
		};
/* End PBXContainerItemProxy section */

/* Begin PBXFileReference section */
		8FADC7E71C2A70E600875DA7 /* AlipayDemo.app */ = {isa = PBXFileReference; explicitFileType = wrapper.application; includeInIndex = 0; path = AlipayDemo.app; sourceTree = BUILT_PRODUCTS_DIR; };
		8FADC7EB1C2A70E600875DA7 /* main.m */ = {isa = PBXFileReference; lastKnownFileType = sourcecode.c.objc; path = main.m; sourceTree = "<group>"; };
		8FADC7ED1C2A70E600875DA7 /* AppDelegate.h */ = {isa = PBXFileReference; lastKnownFileType = sourcecode.c.h; path = AppDelegate.h; sourceTree = "<group>"; };
		8FADC7EE1C2A70E600875DA7 /* AppDelegate.m */ = {isa = PBXFileReference; lastKnownFileType = sourcecode.c.objc; path = AppDelegate.m; sourceTree = "<group>"; };
		8FADC7F01C2A70E600875DA7 /* ViewController.h */ = {isa = PBXFileReference; lastKnownFileType = sourcecode.c.h; path = ViewController.h; sourceTree = "<group>"; };
		8FADC7F11C2A70E600875DA7 /* ViewController.m */ = {isa = PBXFileReference; lastKnownFileType = sourcecode.c.objc; path = ViewController.m; sourceTree = "<group>"; };
		8FADC7F41C2A70E600875DA7 /* Base */ = {isa = PBXFileReference; lastKnownFileType = file.storyboard; name = Base; path = Base.lproj/Main.storyboard; sourceTree = "<group>"; };
		8FADC7F61C2A70E600875DA7 /* Assets.xcassets */ = {isa = PBXFileReference; lastKnownFileType = folder.assetcatalog; path = Assets.xcassets; sourceTree = "<group>"; };
		8FADC7F91C2A70E600875DA7 /* Base */ = {isa = PBXFileReference; lastKnownFileType = file.storyboard; name = Base; path = Base.lproj/LaunchScreen.storyboard; sourceTree = "<group>"; };
		8FADC7FB1C2A70E600875DA7 /* Info.plist */ = {isa = PBXFileReference; lastKnownFileType = text.plist.xml; path = Info.plist; sourceTree = "<group>"; };
		8FADC8001C2A70E600875DA7 /* AlipayDemoTests.xctest */ = {isa = PBXFileReference; explicitFileType = wrapper.cfbundle; includeInIndex = 0; path = AlipayDemoTests.xctest; sourceTree = BUILT_PRODUCTS_DIR; };
		8FADC8041C2A70E600875DA7 /* AlipayDemoTests.m */ = {isa = PBXFileReference; lastKnownFileType = sourcecode.c.objc; path = AlipayDemoTests.m; sourceTree = "<group>"; };
		8FADC8061C2A70E600875DA7 /* Info.plist */ = {isa = PBXFileReference; lastKnownFileType = text.plist.xml; path = Info.plist; sourceTree = "<group>"; };
		8FADC80B1C2A70E600875DA7 /* AlipayDemoUITests.xctest */ = {isa = PBXFileReference; explicitFileType = wrapper.cfbundle; includeInIndex = 0; path = AlipayDemoUITests.xctest; sourceTree = BUILT_PRODUCTS_DIR; };
		8FADC80F1C2A70E600875DA7 /* AlipayDemoUITests.m */ = {isa = PBXFileReference; lastKnownFileType = sourcecode.c.objc; path = AlipayDemoUITests.m; sourceTree = "<group>"; };
		8FADC8111C2A70E600875DA7 /* Info.plist */ = {isa = PBXFileReference; lastKnownFileType = text.plist.xml; path = Info.plist; sourceTree = "<group>"; };
/* End PBXFileReference section */

/* Begin PBXFrameworksBuildPhase section */
		8FADC7E41C2A70E600875DA7 /* Frameworks */ = {
			isa = PBXFrameworksBuildPhase;
			buildActionMask = 2147483647;
			files = (
			);
			runOnlyForDeploymentPostprocessing = 0;
		};
		8FADC7FD1C2A70E600875DA7 /* Frameworks */ = {
			isa = PBXFrameworksBuildPhase;
			buildActionMask = 2147483647;
			files = (
			);
			runOnlyForDeploymentPostprocessing = 0;
		};
		8FADC8081C2A70E600875DA7 /* Frameworks */ = {
			isa = PBXFrameworksBuildPhase;
			buildActionMask = 2147483647;
			files = (
			);
			runOnlyForDeploymentPostprocessing = 0;
		};
/* End PBXFrameworksBuildPhase section */

/* Begin PBXGroup section */
		8FADC7DE1C2A70E600875DA7 = {
			isa = PBXGroup;
			children = (
				8FADC7E91C2A70E600875DA7 /* AlipayDemo */,
				8FADC8031C2A70E600875DA7 /* AlipayDemoTests */,
				8FADC80E1C2A70E600875DA7 /* AlipayDemoUITests */,
				8FADC7E81C2A70E600875DA7 /* Products */,
			);
			sourceTree = "<group>";
		};
		8FADC7E81C2A70E600875DA7 /* Products */ = {
			isa = PBXGroup;
			children = (
				8FADC7E71C2A70E600875DA7 /* AlipayDemo.app */,
				8FADC8001C2A70E600875DA7 /* AlipayDemoTests.xctest */,
				8FADC80B1C2A70E600875DA7 /* AlipayDemoUITests.xctest */,
			);
			name = Products;
			sourceTree = "<group>";
		};
		8FADC7E91C2A70E600875DA7 /* AlipayDemo */ = {
			isa = PBXGroup;
			children = (
				8FADC7ED1C2A70E600875DA7 /* AppDelegate.h */,
				8FADC7EE1C2A70E600875DA7 /* AppDelegate.m */,
				8FADC7F01C2A70E600875DA7 /* ViewController.h */,
				8FADC7F11C2A70E600875DA7 /* ViewController.m */,
				8FADC7F31C2A70E600875DA7 /* Main.storyboard */,
				8FADC7F61C2A70E600875DA7 /* Assets.xcassets */,
				8FADC7F81C2A70E600875DA7 /* LaunchScreen.storyboard */,
				8FADC7FB1C2A70E600875DA7 /* Info.plist */,
				8FADC7EA1C2A70E600875DA7 /* Supporting Files */,
			);
			path = AlipayDemo;
			sourceTree = "<group>";
		};
		8FADC7EA1C2A70E600875DA7 /* Supporting Files */ = {
			isa = PBXGroup;
			children = (
				8FADC7EB1C2A70E600875DA7 /* main.m */,
			);
			name = "Supporting Files";
			sourceTree = "<group>";
		};
		8FADC8031C2A70E600875DA7 /* AlipayDemoTests */ = {
			isa = PBXGroup;
			children = (
				8FADC8041C2A70E600875DA7 /* AlipayDemoTests.m */,
				8FADC8061C2A70E600875DA7 /* Info.plist */,
			);
			path = AlipayDemoTests;
			sourceTree = "<group>";
		};
		8FADC80E1C2A70E600875DA7 /* AlipayDemoUITests */ = {
			isa = PBXGroup;
			children = (
				8FADC80F1C2A70E600875DA7 /* AlipayDemoUITests.m */,
				8FADC8111C2A70E600875DA7 /* Info.plist */,
			);
			path = AlipayDemoUITests;
			sourceTree = "<group>";
		};
/* End PBXGroup section */

/* Begin PBXNativeTarget section */
		8FADC7E61C2A70E600875DA7 /* AlipayDemo */ = {
			isa = PBXNativeTarget;
			buildConfigurationList = 8FADC8141C2A70E600875DA7 /* Build configuration list for PBXNativeTarget "AlipayDemo" */;
			buildPhases = (
				8FADC7E31C2A70E600875DA7 /* Sources */,
				8FADC7E41C2A70E600875DA7 /* Frameworks */,
				8FADC7E51C2A70E600875DA7 /* Resources */,
			);
			buildRules = (
			);
			dependencies = (
			);
			name = AlipayDemo;
			productName = AlipayDemo;
			productReference = 8FADC7E71C2A70E600875DA7 /* AlipayDemo.app */;
			productType = "com.apple.product-type.application";
		};
		8FADC7FF1C2A70E600875DA7 /* AlipayDemoTests */ = {
			isa = PBXNativeTarget;
			buildConfigurationList = 8FADC8171C2A70E600875DA7 /* Build configuration list for PBXNativeTarget "AlipayDemoTests" */;
			buildPhases = (
				8FADC7FC1C2A70E600875DA7 /* Sources */,
				8FADC7FD1C2A70E600875DA7 /* Frameworks */,
				8FADC7FE1C2A70E600875DA7 /* Resources */,
			);
			buildRules = (
			);
			dependencies = (
				8FADC8021C2A70E600875DA7 /* PBXTargetDependency */,
			);
			name = AlipayDemoTests;
			productName = AlipayDemoTests;
			productReference = 8FADC8001C2A70E600875DA7 /* AlipayDemoTests.xctest */;
			productType = "com.apple.product-type.bundle.unit-test";
		};
		8FADC80A1C2A70E600875DA7 /* AlipayDemoUITests */ = {
			isa = PBXNativeTarget;
			buildConfigurationList = 8FADC81A1C2A70E600875DA7 /* Build configuration list for PBXNativeTarget "AlipayDemoUITests" */;
			buildPhases = (
				8FADC8071C2A70E600875DA7 /* Sources */,
				8FADC8081C2A70E600875DA7 /* Frameworks */,
				8FADC8091C2A70E600875DA7 /* Resources */,
			);
			buildRules = (
			);
			dependencies = (
				8FADC80D1C2A70E600875DA7 /* PBXTargetDependency */,
			);
			name = AlipayDemoUITests;
			productName = AlipayDemoUITests;
			productReference = 8FADC80B1C2A70E600875DA7 /* AlipayDemoUITests.xctest */;
			productType = "com.apple.product-type.bundle.ui-testing";
		};
/* End PBXNativeTarget section */

/* Begin PBXProject section */
		8FADC7DF1C2A70E600875DA7 /* Project object */ = {
			isa = PBXProject;
			attributes = {
				LastUpgradeCheck = 0720;
				ORGANIZATIONNAME = V1;
				TargetAttributes = {
					8FADC7E61C2A70E600875DA7 = {
						CreatedOnToolsVersion = 7.2;
					};
					8FADC7FF1C2A70E600875DA7 = {
						CreatedOnToolsVersion = 7.2;
						TestTargetID = 8FADC7E61C2A70E600875DA7;
					};
					8FADC80A1C2A70E600875DA7 = {
						CreatedOnToolsVersion = 7.2;
						TestTargetID = 8FADC7E61C2A70E600875DA7;
					};
				};
			};
			buildConfigurationList = 8FADC7E21C2A70E600875DA7 /* Build configuration list for PBXProject "AlipayDemo" */;
			compatibilityVersion = "Xcode 3.2";
			developmentRegion = English;
			hasScannedForEncodings = 0;
			knownRegions = (
				en,
				Base,
			);
			mainGroup = 8FADC7DE1C2A70E600875DA7;
			productRefGroup = 8FADC7E81C2A70E600875DA7 /* Products */;
			projectDirPath = "";
			projectRoot = "";
			targets = (
				8FADC7E61C2A70E600875DA7 /* AlipayDemo */,
				8FADC7FF1C2A70E600875DA7 /* AlipayDemoTests */,
				8FADC80A1C2A70E600875DA7 /* AlipayDemoUITests */,
			);
		};
/* End PBXProject section */

/* Begin PBXResourcesBuildPhase section */
		8FADC7E51C2A70E600875DA7 /* Resources */ = {
			isa = PBXResourcesBuildPhase;
			buildActionMask = 2147483647;
			files = (
				8FADC7FA1C2A70E600875DA7 /* LaunchScreen.storyboard in Resources */,
				8FADC7F71C2A70E600875DA7 /* Assets.xcassets in Resources */,
				8FADC7F51C2A70E600875DA7 /* Main.storyboard in Resources */,
			);
			runOnlyForDeploymentPostprocessing = 0;
		};
		8FADC7FE1C2A70E600875DA7 /* Resources */ = {
			isa = PBXResourcesBuildPhase;
			buildActionMask = 2147483647;
			files = (
			);
			runOnlyForDeploymentPostprocessing = 0;
		};
		8FADC8091C2A70E600875DA7 /* Resources */ = {
			isa = PBXResourcesBuildPhase;
			buildActionMask = 2147483647;
			files = (
			);
			runOnlyForDeploymentPostprocessing = 0;
		};
/* End PBXResourcesBuildPhase section */

/* Begin PBXSourcesBuildPhase section */
		8FADC7E31C2A70E600875DA7 /* Sources */ = {
			isa = PBXSourcesBuildPhase;
			buildActionMask = 2147483647;
			files = (
				8FADC7F21C2A70E600875DA7 /* ViewController.m in Sources */,
				8FADC7EF1C2A70E600875DA7 /* AppDelegate.m in Sources */,
				8FADC7EC1C2A70E600875DA7 /* main.m in Sources */,
			);
			runOnlyForDeploymentPostprocessing = 0;
		};
		8FADC7FC1C2A70E600875DA7 /* Sources */ = {
			isa = PBXSourcesBuildPhase;
			buildActionMask = 2147483647;
			files = (
				8FADC8051C2A70E600875DA7 /* AlipayDemoTests.m in Sources */,
			);
			runOnlyForDeploymentPostprocessing = 0;
		};
		8FADC8071C2A70E600875DA7 /* Sources */ = {
			isa = PBXSourcesBuildPhase;
			buildActionMask = 2147483647;
			files = (
				8FADC8101C2A70E600875DA7 /* AlipayDemoUITests.m in Sources */,
			);
			runOnlyForDeploymentPostprocessing = 0;
		};
/* End PBXSourcesBuildPhase section */

/* Begin PBXTargetDependency section */
		8FADC8021C2A70E600875DA7 /* PBXTargetDependency */ = {
			isa = PBXTargetDependency;
			target = 8FADC7E61C2A70E600875DA7 /* AlipayDemo */;
			targetProxy = 8FADC8011C2A70E600875DA7 /* PBXContainerItemProxy */;
		};
		8FADC80D1C2A70E600875DA7 /* PBXTargetDependency */ = {
			isa = PBXTargetDependency;
			target = 8FADC7E61C2A70E600875DA7 /* AlipayDemo */;
			targetProxy = 8FADC80C1C2A70E600875DA7 /* PBXContainerItemProxy */;
		};
/* End PBXTargetDependency section */

/* Begin PBXVariantGroup section */
		8FADC7F31C2A70E600875DA7 /* Main.storyboard */ = {
			isa = PBXVariantGroup;
			children = (
				8FADC7F41C2A70E600875DA7 /* Base */,
			);
			name = Main.storyboard;
			sourceTree = "<group>";
		};
		8FADC7F81C2A70E600875DA7 /* LaunchScreen.storyboard */ = {
			isa = PBXVariantGroup;
			children = (
				8FADC7F91C2A70E600875DA7 /* Base */,
			);
			name = LaunchScreen.storyboard;
			sourceTree = "<group>";
		};
/* End PBXVariantGroup section */

/* Begin XCBuildConfiguration section */
		8FADC8121C2A70E600875DA7 /* Debug */ = {
			isa = XCBuildConfiguration;
			buildSettings = {
				ALWAYS_SEARCH_USER_PATHS = NO;
				CLANG_CXX_LANGUAGE_STANDARD = "gnu++0x";
				CLANG_CXX_LIBRARY = "libc++";
				CLANG_ENABLE_MODULES = YES;
				CLANG_ENABLE_OBJC_ARC = YES;
				CLANG_WARN_BOOL_CONVERSION = YES;
				CLANG_WARN_CONSTANT_CONVERSION = YES;
				CLANG_WARN_DIRECT_OBJC_ISA_USAGE = YES_ERROR;
				CLANG_WARN_EMPTY_BODY = YES;
				CLANG_WARN_ENUM_CONVERSION = YES;
				CLANG_WARN_INT_CONVERSION = YES;
				CLANG_WARN_OBJC_ROOT_CLASS = YES_ERROR;
				CLANG_WARN_UNREACHABLE_CODE = YES;
				CLANG_WARN__DUPLICATE_METHOD_MATCH = YES;
				"CODE_SIGN_IDENTITY[sdk=iphoneos*]" = "iPhone Developer";
				COPY_PHASE_STRIP = NO;
				DEBUG_INFORMATION_FORMAT = dwarf;
				ENABLE_STRICT_OBJC_MSGSEND = YES;
				ENABLE_TESTABILITY = YES;
				GCC_C_LANGUAGE_STANDARD = gnu99;
				GCC_DYNAMIC_NO_PIC = NO;
				GCC_NO_COMMON_BLOCKS = YES;
				GCC_OPTIMIZATION_LEVEL = 0;
				GCC_PREPROCESSOR_DEFINITIONS = (
					"DEBUG=1",
					"$(inherited)",
				);
				GCC_WARN_64_TO_32_BIT_CONVERSION = YES;
				GCC_WARN_ABOUT_RETURN_TYPE = YES_ERROR;
				GCC_WARN_UNDECLARED_SELECTOR = YES;
				GCC_WARN_UNINITIALIZED_AUTOS = YES_AGGRESSIVE;
				GCC_WARN_UNUSED_FUNCTION = YES;
				GCC_WARN_UNUSED_VARIABLE = YES;
				IPHONEOS_DEPLOYMENT_TARGET = 9.2;
				MTL_ENABLE_DEBUG_INFO = YES;
				ONLY_ACTIVE_ARCH = YES;
				SDKROOT = iphoneos;
				TARGETED_DEVICE_FAMILY = "1,2";
			};
			name = Debug;
		};
		8FADC8131C2A70E600875DA7 /* Release */ = {
			isa = XCBuildConfiguration;
			buildSettings = {
				ALWAYS_SEARCH_USER_PATHS = NO;
				CLANG_CXX_LANGUAGE_STANDARD = "gnu++0x";
				CLANG_CXX_LIBRARY = "libc++";
				CLANG_ENABLE_MODULES = YES;
				CLANG_ENABLE_OBJC_ARC = YES;
				CLANG_WARN_BOOL_CONVERSION = YES;
				CLANG_WARN_CONSTANT_CONVERSION = YES;
				CLANG_WARN_DIRECT_OBJC_ISA_USAGE = YES_ERROR;
				CLANG_WARN_EMPTY_BODY = YES;
				CLANG_WARN_ENUM_CONVERSION = YES;
				CLANG_WARN_INT_CONVERSION = YES;
				CLANG_WARN_OBJC_ROOT_CLASS = YES_ERROR;
				CLANG_WARN_UNREACHABLE_CODE = YES;
				CLANG_WARN__DUPLICATE_METHOD_MATCH = YES;
				"CODE_SIGN_IDENTITY[sdk=iphoneos*]" = "iPhone Developer";
				COPY_PHASE_STRIP = NO;
				DEBUG_INFORMATION_FORMAT = "dwarf-with-dsym";
				ENABLE_NS_ASSERTIONS = NO;
				ENABLE_STRICT_OBJC_MSGSEND = YES;
				GCC_C_LANGUAGE_STANDARD = gnu99;
				GCC_NO_COMMON_BLOCKS = YES;
				GCC_WARN_64_TO_32_BIT_CONVERSION = YES;
				GCC_WARN_ABOUT_RETURN_TYPE = YES_ERROR;
				GCC_WARN_UNDECLARED_SELECTOR = YES;
				GCC_WARN_UNINITIALIZED_AUTOS = YES_AGGRESSIVE;
				GCC_WARN_UNUSED_FUNCTION = YES;
				GCC_WARN_UNUSED_VARIABLE = YES;
				IPHONEOS_DEPLOYMENT_TARGET = 9.2;
				MTL_ENABLE_DEBUG_INFO = NO;
				SDKROOT = iphoneos;
				TARGETED_DEVICE_FAMILY = "1,2";
				VALIDATE_PRODUCT = YES;
			};
			name = Release;
		};
		8FADC8151C2A70E600875DA7 /* Debug */ = {
			isa = XCBuildConfiguration;
			buildSettings = {
				ASSETCATALOG_COMPILER_APPICON_NAME = AppIcon;
				INFOPLIST_FILE = AlipayDemo/Info.plist;
				LD_RUNPATH_SEARCH_PATHS = "$(inherited) @executable_path/Frameworks";
				PRODUCT_BUNDLE_IDENTIFIER = V1.h.AlipayDemo;
				PRODUCT_NAME = "$(TARGET_NAME)";
			};
			name = Debug;
		};
		8FADC8161C2A70E600875DA7 /* Release */ = {
			isa = XCBuildConfiguration;
			buildSettings = {
				ASSETCATALOG_COMPILER_APPICON_NAME = AppIcon;
				INFOPLIST_FILE = AlipayDemo/Info.plist;
				LD_RUNPATH_SEARCH_PATHS = "$(inherited) @executable_path/Frameworks";
				PRODUCT_BUNDLE_IDENTIFIER = V1.h.AlipayDemo;
				PRODUCT_NAME = "$(TARGET_NAME)";
			};
			name = Release;
		};
		8FADC8181C2A70E600875DA7 /* Debug */ = {
			isa = XCBuildConfiguration;
			buildSettings = {
				BUNDLE_LOADER = "$(TEST_HOST)";
				INFOPLIST_FILE = AlipayDemoTests/Info.plist;
				LD_RUNPATH_SEARCH_PATHS = "$(inherited) @executable_path/Frameworks @loader_path/Frameworks";
				PRODUCT_BUNDLE_IDENTIFIER = V1.h.AlipayDemoTests;
				PRODUCT_NAME = "$(TARGET_NAME)";
				TEST_HOST = "$(BUILT_PRODUCTS_DIR)/AlipayDemo.app/AlipayDemo";
			};
			name = Debug;
		};
		8FADC8191C2A70E600875DA7 /* Release */ = {
			isa = XCBuildConfiguration;
			buildSettings = {
				BUNDLE_LOADER = "$(TEST_HOST)";
				INFOPLIST_FILE = AlipayDemoTests/Info.plist;
				LD_RUNPATH_SEARCH_PATHS = "$(inherited) @executable_path/Frameworks @loader_path/Frameworks";
				PRODUCT_BUNDLE_IDENTIFIER = V1.h.AlipayDemoTests;
				PRODUCT_NAME = "$(TARGET_NAME)";
				TEST_HOST = "$(BUILT_PRODUCTS_DIR)/AlipayDemo.app/AlipayDemo";
			};
			name = Release;
		};
		8FADC81B1C2A70E600875DA7 /* Debug */ = {
			isa = XCBuildConfiguration;
			buildSettings = {
				INFOPLIST_FILE = AlipayDemoUITests/Info.plist;
				LD_RUNPATH_SEARCH_PATHS = "$(inherited) @executable_path/Frameworks @loader_path/Frameworks";
				PRODUCT_BUNDLE_IDENTIFIER = V1.h.AlipayDemoUITests;
				PRODUCT_NAME = "$(TARGET_NAME)";
				TEST_TARGET_NAME = AlipayDemo;
				USES_XCTRUNNER = YES;
			};
			name = Debug;
		};
		8FADC81C1C2A70E600875DA7 /* Release */ = {
			isa = XCBuildConfiguration;
			buildSettings = {
				INFOPLIST_FILE = AlipayDemoUITests/Info.plist;
				LD_RUNPATH_SEARCH_PATHS = "$(inherited) @executable_path/Frameworks @loader_path/Frameworks";
				PRODUCT_BUNDLE_IDENTIFIER = V1.h.AlipayDemoUITests;
				PRODUCT_NAME = "$(TARGET_NAME)";
				TEST_TARGET_NAME = AlipayDemo;
				USES_XCTRUNNER = YES;
			};
			name = Release;
		};
/* End XCBuildConfiguration section */

/* Begin XCConfigurationList section */
		8FADC7E21C2A70E600875DA7 /* Build configuration list for PBXProject "AlipayDemo" */ = {
			isa = XCConfigurationList;
			buildConfigurations = (
				8FADC8121C2A70E600875DA7 /* Debug */,
				8FADC8131C2A70E600875DA7 /* Release */,
			);
			defaultConfigurationIsVisible = 0;
			defaultConfigurationName = Release;
		};
		8FADC8141C2A70E600875DA7 /* Build configuration list for PBXNativeTarget "AlipayDemo" */ = {
			isa = XCConfigurationList;
			buildConfigurations = (
				8FADC8151C2A70E600875DA7 /* Debug */,
				8FADC8161C2A70E600875DA7 /* Release */,
			);
			defaultConfigurationIsVisible = 0;
		};
		8FADC8171C2A70E600875DA7 /* Build configuration list for PBXNativeTarget "AlipayDemoTests" */ = {
			isa = XCConfigurationList;
			buildConfigurations = (
				8FADC8181C2A70E600875DA7 /* Debug */,
				8FADC8191C2A70E600875DA7 /* Release */,
			);
			defaultConfigurationIsVisible = 0;
		};
		8FADC81A1C2A70E600875DA7 /* Build configuration list for PBXNativeTarget "AlipayDemoUITests" */ = {
			isa = XCConfigurationList;
			buildConfigurations = (
				8FADC81B1C2A70E600875DA7 /* Debug */,
				8FADC81C1C2A70E600875DA7 /* Release */,
			);
			defaultConfigurationIsVisible = 0;
		};
/* End XCConfigurationList section */
	};
	rootObject = 8FADC7DF1C2A70E600875DA7 /* Project object */;
}
